
Microsoft Visual Studio Solution File, Format Version 12.00
# Visual Studio 15
VisualStudioVersion = 15.0.28307.271
MinimumVisualStudioVersion = 10.0.40219.1
Project("{FAE04EC0-301F-11D3-BF4B-00C04F79EFBC}") = "Toes", "Toes\Toes.csproj", "{B6E85A92-B6ED-492E-AD23-0F692F1CA42E}"
EndProject
Global
	GlobalSection(SolutionConfigurationPlatforms) = preSolution
		Debug|Any CPU = Debug|Any CPU
		Release|Any CPU = Release|Any CPU
	EndGlobalSection
	GlobalSection(ProjectConfigurationPlatforms) = postSolution
		{B6E85A92-B6ED-492E-AD23-0F692F1CA42E}.Debug|Any CPU.ActiveCfg = Debug|Any CPU
		{B6E85A92-B6ED-492E-AD23-0F692F1CA42E}.Debug|Any CPU.Build.0 = Debug|Any CPU
		{B6E85A92-B6ED-492E-AD23-0F692F1CA42E}.Release|Any CPU.ActiveCfg = Release|Any CPU
		{B6E85A92-B6ED-492E-AD23-0F692F1CA42E}.Release|Any CPU.Build.0 = Release|Any CPU
	EndGlobalSection
	GlobalSection(SolutionProperties) = preSolution
		HideSolutionNode = FALSE
	EndGlobalSection
	GlobalSection(ExtensibilityGlobals) = postSolution
		SolutionGuid = {F63B6E1A-F27B-44A0-9310-43FAD423D0F3}
	EndGlobalSection
EndGlobal
